
Microsoft Visual Studio Solution File, Format Version 12.00
# Visual Studio 15
VisualStudioVersion = 15.0.28307.902
MinimumVisualStudioVersion = 10.0.40219.1
Project("{FAE04EC0-301F-11D3-BF4B-00C04F79EFBC}") = "variant18", "variant18\variant18.csproj", "{AD0E339D-D9B8-45FC-B46D-CCA2FDB012A2}"
EndProject
Global
	GlobalSection(SolutionConfigurationPlatforms) = preSolution
		Debug|Any CPU = Debug|Any CPU
		Release|Any CPU = Release|Any CPU
	EndGlobalSection
	GlobalSection(ProjectConfigurationPlatforms) = postSolution
		{AD0E339D-D9B8-45FC-B46D-CCA2FDB012A2}.Debug|Any CPU.ActiveCfg = Debug|Any CPU
		{AD0E339D-D9B8-45FC-B46D-CCA2FDB012A2}.Debug|Any CPU.Build.0 = Debug|Any CPU
		{AD0E339D-D9B8-45FC-B46D-CCA2FDB012A2}.Release|Any CPU.ActiveCfg = Release|Any CPU
		{AD0E339D-D9B8-45FC-B46D-CCA2FDB012A2}.Release|Any CPU.Build.0 = Release|Any CPU
	EndGlobalSection
	GlobalSection(SolutionProperties) = preSolution
		HideSolutionNode = FALSE
	EndGlobalSection
	GlobalSection(ExtensibilityGlobals) = postSolution
		SolutionGuid = {25EAB45A-ACC7-4ED9-B592-67C360CED52F}
	EndGlobalSection
EndGlobal
