
Microsoft Visual Studio Solution File, Format Version 12.00
# Visual Studio 15
VisualStudioVersion = 15.0.28307.902
MinimumVisualStudioVersion = 10.0.40219.1
Project("{FAE04EC0-301F-11D3-BF4B-00C04F79EFBC}") = "laba20variant11", "laba20\laba20variant11.csproj", "{752B25D5-CAE1-45F9-8FD1-14933DC539FE}"
EndProject
Global
	GlobalSection(SolutionConfigurationPlatforms) = preSolution
		Debug|Any CPU = Debug|Any CPU
		Release|Any CPU = Release|Any CPU
	EndGlobalSection
	GlobalSection(ProjectConfigurationPlatforms) = postSolution
		{752B25D5-CAE1-45F9-8FD1-14933DC539FE}.Debug|Any CPU.ActiveCfg = Debug|Any CPU
		{752B25D5-CAE1-45F9-8FD1-14933DC539FE}.Debug|Any CPU.Build.0 = Debug|Any CPU
		{752B25D5-CAE1-45F9-8FD1-14933DC539FE}.Release|Any CPU.ActiveCfg = Release|Any CPU
		{752B25D5-CAE1-45F9-8FD1-14933DC539FE}.Release|Any CPU.Build.0 = Release|Any CPU
	EndGlobalSection
	GlobalSection(SolutionProperties) = preSolution
		HideSolutionNode = FALSE
	EndGlobalSection
	GlobalSection(ExtensibilityGlobals) = postSolution
		SolutionGuid = {B95369AA-65EF-44AB-A1C9-8A6368A54226}
	EndGlobalSection
EndGlobal
