
Microsoft Visual Studio Solution File, Format Version 12.00
# Visual Studio 15
VisualStudioVersion = 15.0.28307.902
MinimumVisualStudioVersion = 10.0.40219.1
Project("{FAE04EC0-301F-11D3-BF4B-00C04F79EFBC}") = "variant18", "variant18\variant18.csproj", "{49F6F5CA-D09A-4B76-8078-35CCA6C065B5}"
EndProject
Global
	GlobalSection(SolutionConfigurationPlatforms) = preSolution
		Debug|Any CPU = Debug|Any CPU
		Release|Any CPU = Release|Any CPU
	EndGlobalSection
	GlobalSection(ProjectConfigurationPlatforms) = postSolution
		{49F6F5CA-D09A-4B76-8078-35CCA6C065B5}.Debug|Any CPU.ActiveCfg = Debug|Any CPU
		{49F6F5CA-D09A-4B76-8078-35CCA6C065B5}.Debug|Any CPU.Build.0 = Debug|Any CPU
		{49F6F5CA-D09A-4B76-8078-35CCA6C065B5}.Release|Any CPU.ActiveCfg = Release|Any CPU
		{49F6F5CA-D09A-4B76-8078-35CCA6C065B5}.Release|Any CPU.Build.0 = Release|Any CPU
	EndGlobalSection
	GlobalSection(SolutionProperties) = preSolution
		HideSolutionNode = FALSE
	EndGlobalSection
	GlobalSection(ExtensibilityGlobals) = postSolution
		SolutionGuid = {29AC1769-A01A-470A-8890-25556466E009}
	EndGlobalSection
EndGlobal
