
Microsoft Visual Studio Solution File, Format Version 12.00
# Visual Studio 15
VisualStudioVersion = 15.0.28307.902
MinimumVisualStudioVersion = 10.0.40219.1
Project("{FAE04EC0-301F-11D3-BF4B-00C04F79EFBC}") = "variant22", "variant22\variant22.csproj", "{721F04A8-601F-4945-AAA2-8D86EC713280}"
EndProject
Global
	GlobalSection(SolutionConfigurationPlatforms) = preSolution
		Debug|Any CPU = Debug|Any CPU
		Release|Any CPU = Release|Any CPU
	EndGlobalSection
	GlobalSection(ProjectConfigurationPlatforms) = postSolution
		{721F04A8-601F-4945-AAA2-8D86EC713280}.Debug|Any CPU.ActiveCfg = Debug|Any CPU
		{721F04A8-601F-4945-AAA2-8D86EC713280}.Debug|Any CPU.Build.0 = Debug|Any CPU
		{721F04A8-601F-4945-AAA2-8D86EC713280}.Release|Any CPU.ActiveCfg = Release|Any CPU
		{721F04A8-601F-4945-AAA2-8D86EC713280}.Release|Any CPU.Build.0 = Release|Any CPU
	EndGlobalSection
	GlobalSection(SolutionProperties) = preSolution
		HideSolutionNode = FALSE
	EndGlobalSection
	GlobalSection(ExtensibilityGlobals) = postSolution
		SolutionGuid = {6576F482-7217-464D-94EE-31FB660A3580}
	EndGlobalSection
EndGlobal
